
Microsoft Visual Studio Solution File, Format Version 12.00
# Visual Studio Version 16
VisualStudioVersion = 16.0.30804.86
MinimumVisualStudioVersion = 10.0.40219.1
Project("{888888A0-9F3D-457C-B088-3A5042F75D52}") = "Movie Theatre Bot", "Movie Theatre Bot.pyproj", "{622D0955-724A-4808-9D7A-DE706FA7B456}"
EndProject
Global
	GlobalSection(SolutionConfigurationPlatforms) = preSolution
		Debug|Any CPU = Debug|Any CPU
		Release|Any CPU = Release|Any CPU
	EndGlobalSection
	GlobalSection(ProjectConfigurationPlatforms) = postSolution
		{622D0955-724A-4808-9D7A-DE706FA7B456}.Debug|Any CPU.ActiveCfg = Debug|Any CPU
		{622D0955-724A-4808-9D7A-DE706FA7B456}.Release|Any CPU.ActiveCfg = Release|Any CPU
	EndGlobalSection
	GlobalSection(SolutionProperties) = preSolution
		HideSolutionNode = FALSE
	EndGlobalSection
	GlobalSection(ExtensibilityGlobals) = postSolution
		SolutionGuid = {B514F205-0A82-446B-8057-1B2EEBAEDE2F}
	EndGlobalSection
EndGlobal
